
Microsoft Visual Studio Solution File, Format Version 12.00
# Visual Studio Version 16
VisualStudioVersion = 16.0.31025.194
MinimumVisualStudioVersion = 10.0.40219.1
Project("{FAE04EC0-301F-11D3-BF4B-00C04F79EFBC}") = "TodoApi", "TodoApi\TodoApi.csproj", "{362AEDF8-8526-474E-A871-E366088D000A}"
EndProject
Global
	GlobalSection(SolutionConfigurationPlatforms) = preSolution
		Debug|Any CPU = Debug|Any CPU
		Release|Any CPU = Release|Any CPU
	EndGlobalSection
	GlobalSection(ProjectConfigurationPlatforms) = postSolution
		{362AEDF8-8526-474E-A871-E366088D000A}.Debug|Any CPU.ActiveCfg = Debug|Any CPU
		{362AEDF8-8526-474E-A871-E366088D000A}.Debug|Any CPU.Build.0 = Debug|Any CPU
		{362AEDF8-8526-474E-A871-E366088D000A}.Release|Any CPU.ActiveCfg = Release|Any CPU
		{362AEDF8-8526-474E-A871-E366088D000A}.Release|Any CPU.Build.0 = Release|Any CPU
	EndGlobalSection
	GlobalSection(SolutionProperties) = preSolution
		HideSolutionNode = FALSE
	EndGlobalSection
	GlobalSection(ExtensibilityGlobals) = postSolution
		SolutionGuid = {6A7C8114-7E6D-4169-B9A4-223E8E6BA599}
	EndGlobalSection
EndGlobal
